
Microsoft Visual Studio Solution File, Format Version 12.00
# Visual Studio Version 17
VisualStudioVersion = 17.4.33213.308
MinimumVisualStudioVersion = 10.0.40219.1
Project("{9A19103F-16F7-4668-BE54-9A1E7A4F7556}") = "Broadifyer", "Broadifyer\Broadifyer.csproj", "{79047BF2-2F0A-46BF-A1AC-31868D4E9ED8}"
EndProject
Project("{FAE04EC0-301F-11D3-BF4B-00C04F79EFBC}") = "Updater", "Updater\Updater.csproj", "{BA41DC96-631C-42E3-9A60-E4A8F2D569E3}"
EndProject
Global
	GlobalSection(SolutionConfigurationPlatforms) = preSolution
		Debug|Any CPU = Debug|Any CPU
		Release|Any CPU = Release|Any CPU
	EndGlobalSection
	GlobalSection(ProjectConfigurationPlatforms) = postSolution
		{79047BF2-2F0A-46BF-A1AC-31868D4E9ED8}.Debug|Any CPU.ActiveCfg = Debug|Any CPU
		{79047BF2-2F0A-46BF-A1AC-31868D4E9ED8}.Debug|Any CPU.Build.0 = Debug|Any CPU
		{79047BF2-2F0A-46BF-A1AC-31868D4E9ED8}.Release|Any CPU.ActiveCfg = Release|Any CPU
		{79047BF2-2F0A-46BF-A1AC-31868D4E9ED8}.Release|Any CPU.Build.0 = Release|Any CPU
		{BA41DC96-631C-42E3-9A60-E4A8F2D569E3}.Debug|Any CPU.ActiveCfg = Debug|Any CPU
		{BA41DC96-631C-42E3-9A60-E4A8F2D569E3}.Debug|Any CPU.Build.0 = Debug|Any CPU
		{BA41DC96-631C-42E3-9A60-E4A8F2D569E3}.Release|Any CPU.ActiveCfg = Release|Any CPU
		{BA41DC96-631C-42E3-9A60-E4A8F2D569E3}.Release|Any CPU.Build.0 = Release|Any CPU
	EndGlobalSection
	GlobalSection(SolutionProperties) = preSolution
		HideSolutionNode = FALSE
	EndGlobalSection
	GlobalSection(ExtensibilityGlobals) = postSolution
		SolutionGuid = {BD7DA69B-33AA-4A0E-9F7A-593106319AE0}
	EndGlobalSection
EndGlobal
