
Microsoft Visual Studio Solution File, Format Version 12.00
# Visual Studio Version 17
VisualStudioVersion = 17.4.33213.308
MinimumVisualStudioVersion = 10.0.40219.1
Project("{9A19103F-16F7-4668-BE54-9A1E7A4F7556}") = "TwatApp", "TwatApp\TwatApp.csproj", "{F3FF0441-E1D4-4211-81F5-616C8228B495}"
EndProject
Global
	GlobalSection(SolutionConfigurationPlatforms) = preSolution
		Debug|Any CPU = Debug|Any CPU
		Debug|ARM64 = Debug|ARM64
		Debug|x64 = Debug|x64
		Debug|x86 = Debug|x86
		Release|Any CPU = Release|Any CPU
		Release|ARM64 = Release|ARM64
		Release|x64 = Release|x64
		Release|x86 = Release|x86
	EndGlobalSection
	GlobalSection(ProjectConfigurationPlatforms) = postSolution
		{F3FF0441-E1D4-4211-81F5-616C8228B495}.Debug|Any CPU.ActiveCfg = Debug|Any CPU
		{F3FF0441-E1D4-4211-81F5-616C8228B495}.Debug|Any CPU.Build.0 = Debug|Any CPU
		{F3FF0441-E1D4-4211-81F5-616C8228B495}.Debug|ARM64.ActiveCfg = Debug|Any CPU
		{F3FF0441-E1D4-4211-81F5-616C8228B495}.Debug|ARM64.Build.0 = Debug|Any CPU
		{F3FF0441-E1D4-4211-81F5-616C8228B495}.Debug|x64.ActiveCfg = Debug|Any CPU
		{F3FF0441-E1D4-4211-81F5-616C8228B495}.Debug|x64.Build.0 = Debug|Any CPU
		{F3FF0441-E1D4-4211-81F5-616C8228B495}.Debug|x86.ActiveCfg = Debug|Any CPU
		{F3FF0441-E1D4-4211-81F5-616C8228B495}.Debug|x86.Build.0 = Debug|Any CPU
		{F3FF0441-E1D4-4211-81F5-616C8228B495}.Release|Any CPU.ActiveCfg = Release|Any CPU
		{F3FF0441-E1D4-4211-81F5-616C8228B495}.Release|Any CPU.Build.0 = Release|Any CPU
		{F3FF0441-E1D4-4211-81F5-616C8228B495}.Release|ARM64.ActiveCfg = Release|Any CPU
		{F3FF0441-E1D4-4211-81F5-616C8228B495}.Release|ARM64.Build.0 = Release|Any CPU
		{F3FF0441-E1D4-4211-81F5-616C8228B495}.Release|x64.ActiveCfg = Release|Any CPU
		{F3FF0441-E1D4-4211-81F5-616C8228B495}.Release|x64.Build.0 = Release|Any CPU
		{F3FF0441-E1D4-4211-81F5-616C8228B495}.Release|x86.ActiveCfg = Release|Any CPU
		{F3FF0441-E1D4-4211-81F5-616C8228B495}.Release|x86.Build.0 = Release|Any CPU
	EndGlobalSection
	GlobalSection(SolutionProperties) = preSolution
		HideSolutionNode = FALSE
	EndGlobalSection
	GlobalSection(ExtensibilityGlobals) = postSolution
		SolutionGuid = {BD7DA69B-33AA-4A0E-9F7A-593106319AE0}
	EndGlobalSection
EndGlobal
